// !$*UTF8*$!
{
	archiveVersion = 1;
	classes = {
	};
	objectVersion = 50;
	objects = {

/* Begin PBXBuildFile section */
		BC4C5B902157B589001E5F3E /* eventosTVC.swift in Sources */ = {isa = PBXBuildFile; fileRef = BC4C5B8F2157B589001E5F3E /* eventosTVC.swift */; };
		BC4C5B922157B6E8001E5F3E /* eventos.swift in Sources */ = {isa = PBXBuildFile; fileRef = BC4C5B912157B6E8001E5F3E /* eventos.swift */; };
		BC705EC52156B16D00E2BF30 /* GoogleService-Info.plist in Resources */ = {isa = PBXBuildFile; fileRef = BC705EC42156B16D00E2BF30 /* GoogleService-Info.plist */; };
		BC705ECE2156B28F00E2BF30 /* TextField.swift in Sources */ = {isa = PBXBuildFile; fileRef = BC705ECB2156B28E00E2BF30 /* TextField.swift */; };
		BC705ECF2156B28F00E2BF30 /* RoundedButton.swift in Sources */ = {isa = PBXBuildFile; fileRef = BC705ECC2156B28F00E2BF30 /* RoundedButton.swift */; };
		BC705ED02156B28F00E2BF30 /* CircleView.swift in Sources */ = {isa = PBXBuildFile; fileRef = BC705ECD2156B28F00E2BF30 /* CircleView.swift */; };
		BC705ED22156B29B00E2BF30 /* LoginVC.swift in Sources */ = {isa = PBXBuildFile; fileRef = BC705ED12156B29A00E2BF30 /* LoginVC.swift */; };
		BC705ED62156B4BA00E2BF30 /* DataService.swift in Sources */ = {isa = PBXBuildFile; fileRef = BC705ED32156B4B900E2BF30 /* DataService.swift */; };
		BC705ED72156B4BA00E2BF30 /* Localtion.swift in Sources */ = {isa = PBXBuildFile; fileRef = BC705ED42156B4BA00E2BF30 /* Localtion.swift */; };
		BC705ED82156B4BA00E2BF30 /* Constants.swift in Sources */ = {isa = PBXBuildFile; fileRef = BC705ED52156B4BA00E2BF30 /* Constants.swift */; };
		BC705EDB2156E75600E2BF30 /* collection.swift in Sources */ = {isa = PBXBuildFile; fileRef = BC705EDA2156E75600E2BF30 /* collection.swift */; };
		BC705EDD2156EDDC00E2BF30 /* collectionCell.swift in Sources */ = {isa = PBXBuildFile; fileRef = BC705EDC2156EDDC00E2BF30 /* collectionCell.swift */; };
		BC705EDF2156F37700E2BF30 /* Slide.swift in Sources */ = {isa = PBXBuildFile; fileRef = BC705EDE2156F37700E2BF30 /* Slide.swift */; };
		BC705EE12156F39000E2BF30 /* Slide.xib in Resources */ = {isa = PBXBuildFile; fileRef = BC705EE02156F39000E2BF30 /* Slide.xib */; };
		BCACA7A32156AD3C005C715C /* AppDelegate.swift in Sources */ = {isa = PBXBuildFile; fileRef = BCACA7A22156AD3C005C715C /* AppDelegate.swift */; };
		BCACA7A52156AD3C005C715C /* ViewController.swift in Sources */ = {isa = PBXBuildFile; fileRef = BCACA7A42156AD3C005C715C /* ViewController.swift */; };
		BCACA7A82156AD3C005C715C /* Main.storyboard in Resources */ = {isa = PBXBuildFile; fileRef = BCACA7A62156AD3C005C715C /* Main.storyboard */; };
		BCACA7AA2156AD3D005C715C /* Assets.xcassets in Resources */ = {isa = PBXBuildFile; fileRef = BCACA7A92156AD3D005C715C /* Assets.xcassets */; };
		BCACA7AD2156AD3D005C715C /* LaunchScreen.storyboard in Resources */ = {isa = PBXBuildFile; fileRef = BCACA7AB2156AD3D005C715C /* LaunchScreen.storyboard */; };
		BCFF3E4A21572B1000EB8E10 /* detalhesEvento.swift in Sources */ = {isa = PBXBuildFile; fileRef = BCFF3E4921572B1000EB8E10 /* detalhesEvento.swift */; };
		BCFF3E4C215737CA00EB8E10 /* preferencias.swift in Sources */ = {isa = PBXBuildFile; fileRef = BCFF3E4B215737CA00EB8E10 /* preferencias.swift */; };
		BCFF3E4E21574EA200EB8E10 /* promocoes.swift in Sources */ = {isa = PBXBuildFile; fileRef = BCFF3E4D21574EA200EB8E10 /* promocoes.swift */; };
		BCFF3E502157648A00EB8E10 /* PromocoesVC.swift in Sources */ = {isa = PBXBuildFile; fileRef = BCFF3E4F2157648A00EB8E10 /* PromocoesVC.swift */; };
		BCFF3E52215764CD00EB8E10 /* PromocoesTVC.swift in Sources */ = {isa = PBXBuildFile; fileRef = BCFF3E51215764CD00EB8E10 /* PromocoesTVC.swift */; };
		BCFF3E54215779AE00EB8E10 /* promocaoDetalheTVC.swift in Sources */ = {isa = PBXBuildFile; fileRef = BCFF3E53215779AE00EB8E10 /* promocaoDetalheTVC.swift */; };
		BCFF3E56215779CB00EB8E10 /* promocaoDetalheVC.swift in Sources */ = {isa = PBXBuildFile; fileRef = BCFF3E55215779CB00EB8E10 /* promocaoDetalheVC.swift */; };
		BCFF3E5821577CF600EB8E10 /* promocoesCliente.swift in Sources */ = {isa = PBXBuildFile; fileRef = BCFF3E5721577CF600EB8E10 /* promocoesCliente.swift */; };
		BCFF3E5A21579C6C00EB8E10 /* AgendaVC.swift in Sources */ = {isa = PBXBuildFile; fileRef = BCFF3E5921579C6C00EB8E10 /* AgendaVC.swift */; };
		BCFF3E5C2157A5E000EB8E10 /* AgendaTVC.swift in Sources */ = {isa = PBXBuildFile; fileRef = BCFF3E5B2157A5E000EB8E10 /* AgendaTVC.swift */; };
		BCFF3E602157A6EE00EB8E10 /* personal.swift in Sources */ = {isa = PBXBuildFile; fileRef = BCFF3E5F2157A6EE00EB8E10 /* personal.swift */; };
		D195C1C6E5A85CD1106D1146 /* Pods_iconcept.framework in Frameworks */ = {isa = PBXBuildFile; fileRef = 661A35D1DDACDE9480179348 /* Pods_iconcept.framework */; };
/* End PBXBuildFile section */

/* Begin PBXFileReference section */
		4B39CF325DFE89E67974D9A6 /* Pods-iconcept.debug.xcconfig */ = {isa = PBXFileReference; includeInIndex = 1; lastKnownFileType = text.xcconfig; name = "Pods-iconcept.debug.xcconfig"; path = "Pods/Target Support Files/Pods-iconcept/Pods-iconcept.debug.xcconfig"; sourceTree = "<group>"; };
		661A35D1DDACDE9480179348 /* Pods_iconcept.framework */ = {isa = PBXFileReference; explicitFileType = wrapper.framework; includeInIndex = 0; path = Pods_iconcept.framework; sourceTree = BUILT_PRODUCTS_DIR; };
		AFBF88B7C3382257472E1561 /* Pods-iconcept.release.xcconfig */ = {isa = PBXFileReference; includeInIndex = 1; lastKnownFileType = text.xcconfig; name = "Pods-iconcept.release.xcconfig"; path = "Pods/Target Support Files/Pods-iconcept/Pods-iconcept.release.xcconfig"; sourceTree = "<group>"; };
		BC4C5B8F2157B589001E5F3E /* eventosTVC.swift */ = {isa = PBXFileReference; lastKnownFileType = sourcecode.swift; path = eventosTVC.swift; sourceTree = "<group>"; };
		BC4C5B912157B6E8001E5F3E /* eventos.swift */ = {isa = PBXFileReference; lastKnownFileType = sourcecode.swift; path = eventos.swift; sourceTree = "<group>"; };
		BC705EC42156B16D00E2BF30 /* GoogleService-Info.plist */ = {isa = PBXFileReference; fileEncoding = 4; lastKnownFileType = text.plist.xml; path = "GoogleService-Info.plist"; sourceTree = SOURCE_ROOT; };
		BC705ECB2156B28E00E2BF30 /* TextField.swift */ = {isa = PBXFileReference; fileEncoding = 4; lastKnownFileType = sourcecode.swift; path = TextField.swift; sourceTree = "<group>"; };
		BC705ECC2156B28F00E2BF30 /* RoundedButton.swift */ = {isa = PBXFileReference; fileEncoding = 4; lastKnownFileType = sourcecode.swift; path = RoundedButton.swift; sourceTree = "<group>"; };
		BC705ECD2156B28F00E2BF30 /* CircleView.swift */ = {isa = PBXFileReference; fileEncoding = 4; lastKnownFileType = sourcecode.swift; path = CircleView.swift; sourceTree = "<group>"; };
		BC705ED12156B29A00E2BF30 /* LoginVC.swift */ = {isa = PBXFileReference; fileEncoding = 4; lastKnownFileType = sourcecode.swift; path = LoginVC.swift; sourceTree = "<group>"; };
		BC705ED32156B4B900E2BF30 /* DataService.swift */ = {isa = PBXFileReference; fileEncoding = 4; lastKnownFileType = sourcecode.swift; path = DataService.swift; sourceTree = "<group>"; };
		BC705ED42156B4BA00E2BF30 /* Localtion.swift */ = {isa = PBXFileReference; fileEncoding = 4; lastKnownFileType = sourcecode.swift; path = Localtion.swift; sourceTree = "<group>"; };
		BC705ED52156B4BA00E2BF30 /* Constants.swift */ = {isa = PBXFileReference; fileEncoding = 4; lastKnownFileType = sourcecode.swift; path = Constants.swift; sourceTree = "<group>"; };
		BC705EDA2156E75600E2BF30 /* collection.swift */ = {isa = PBXFileReference; lastKnownFileType = sourcecode.swift; path = collection.swift; sourceTree = "<group>"; };
		BC705EDC2156EDDC00E2BF30 /* collectionCell.swift */ = {isa = PBXFileReference; lastKnownFileType = sourcecode.swift; path = collectionCell.swift; sourceTree = "<group>"; };
		BC705EDE2156F37700E2BF30 /* Slide.swift */ = {isa = PBXFileReference; lastKnownFileType = sourcecode.swift; path = Slide.swift; sourceTree = "<group>"; };
		BC705EE02156F39000E2BF30 /* Slide.xib */ = {isa = PBXFileReference; lastKnownFileType = file.xib; path = Slide.xib; sourceTree = "<group>"; };
		BCACA79F2156AD3C005C715C /* iconcept.app */ = {isa = PBXFileReference; explicitFileType = wrapper.application; includeInIndex = 0; path = iconcept.app; sourceTree = BUILT_PRODUCTS_DIR; };
		BCACA7A22156AD3C005C715C /* AppDelegate.swift */ = {isa = PBXFileReference; lastKnownFileType = sourcecode.swift; path = AppDelegate.swift; sourceTree = "<group>"; };
		BCACA7A42156AD3C005C715C /* ViewController.swift */ = {isa = PBXFileReference; lastKnownFileType = sourcecode.swift; path = ViewController.swift; sourceTree = "<group>"; };
		BCACA7A72156AD3C005C715C /* Base */ = {isa = PBXFileReference; lastKnownFileType = file.storyboard; name = Base; path = Base.lproj/Main.storyboard; sourceTree = "<group>"; };
		BCACA7A92156AD3D005C715C /* Assets.xcassets */ = {isa = PBXFileReference; lastKnownFileType = folder.assetcatalog; path = Assets.xcassets; sourceTree = "<group>"; };
		BCACA7AC2156AD3D005C715C /* Base */ = {isa = PBXFileReference; lastKnownFileType = file.storyboard; name = Base; path = Base.lproj/LaunchScreen.storyboard; sourceTree = "<group>"; };
		BCACA7AE2156AD3D005C715C /* Info.plist */ = {isa = PBXFileReference; lastKnownFileType = text.plist.xml; path = Info.plist; sourceTree = "<group>"; };
		BCFF3E4921572B1000EB8E10 /* detalhesEvento.swift */ = {isa = PBXFileReference; lastKnownFileType = sourcecode.swift; path = detalhesEvento.swift; sourceTree = "<group>"; };
		BCFF3E4B215737CA00EB8E10 /* preferencias.swift */ = {isa = PBXFileReference; lastKnownFileType = sourcecode.swift; path = preferencias.swift; sourceTree = "<group>"; };
		BCFF3E4D21574EA200EB8E10 /* promocoes.swift */ = {isa = PBXFileReference; lastKnownFileType = sourcecode.swift; path = promocoes.swift; sourceTree = "<group>"; };
		BCFF3E4F2157648A00EB8E10 /* PromocoesVC.swift */ = {isa = PBXFileReference; lastKnownFileType = sourcecode.swift; path = PromocoesVC.swift; sourceTree = "<group>"; };
		BCFF3E51215764CD00EB8E10 /* PromocoesTVC.swift */ = {isa = PBXFileReference; lastKnownFileType = sourcecode.swift; path = PromocoesTVC.swift; sourceTree = "<group>"; };
		BCFF3E53215779AE00EB8E10 /* promocaoDetalheTVC.swift */ = {isa = PBXFileReference; lastKnownFileType = sourcecode.swift; path = promocaoDetalheTVC.swift; sourceTree = "<group>"; };
		BCFF3E55215779CB00EB8E10 /* promocaoDetalheVC.swift */ = {isa = PBXFileReference; lastKnownFileType = sourcecode.swift; path = promocaoDetalheVC.swift; sourceTree = "<group>"; };
		BCFF3E5721577CF600EB8E10 /* promocoesCliente.swift */ = {isa = PBXFileReference; lastKnownFileType = sourcecode.swift; path = promocoesCliente.swift; sourceTree = "<group>"; };
		BCFF3E5921579C6C00EB8E10 /* AgendaVC.swift */ = {isa = PBXFileReference; lastKnownFileType = sourcecode.swift; path = AgendaVC.swift; sourceTree = "<group>"; };
		BCFF3E5B2157A5E000EB8E10 /* AgendaTVC.swift */ = {isa = PBXFileReference; lastKnownFileType = sourcecode.swift; name = AgendaTVC.swift; path = /Users/carlosdoki/Desktop/Apps/iconcept/iconcept/Controlller/AgendaTVC.swift; sourceTree = "<absolute>"; };
		BCFF3E5F2157A6EE00EB8E10 /* personal.swift */ = {isa = PBXFileReference; lastKnownFileType = sourcecode.swift; path = personal.swift; sourceTree = "<group>"; };
/* End PBXFileReference section */

/* Begin PBXFrameworksBuildPhase section */
		BCACA79C2156AD3C005C715C /* Frameworks */ = {
			isa = PBXFrameworksBuildPhase;
			buildActionMask = 2147483647;
			files = (
				D195C1C6E5A85CD1106D1146 /* Pods_iconcept.framework in Frameworks */,
			);
			runOnlyForDeploymentPostprocessing = 0;
		};
/* End PBXFrameworksBuildPhase section */

/* Begin PBXGroup section */
		4F78C063D834BEAA7FBDB128 /* Pods */ = {
			isa = PBXGroup;
			children = (
				4B39CF325DFE89E67974D9A6 /* Pods-iconcept.debug.xcconfig */,
				AFBF88B7C3382257472E1561 /* Pods-iconcept.release.xcconfig */,
			);
			name = Pods;
			sourceTree = "<group>";
		};
		BC705EC62156B24700E2BF30 /* DataSource */ = {
			isa = PBXGroup;
			children = (
			);
			path = DataSource;
			sourceTree = "<group>";
		};
		BC705EC72156B24F00E2BF30 /* Util */ = {
			isa = PBXGroup;
			children = (
				BC705ED52156B4BA00E2BF30 /* Constants.swift */,
				BC705ED32156B4B900E2BF30 /* DataService.swift */,
				BC705ED42156B4BA00E2BF30 /* Localtion.swift */,
			);
			path = Util;
			sourceTree = "<group>";
		};
		BC705EC82156B26000E2BF30 /* Custom */ = {
			isa = PBXGroup;
			children = (
				BC705ECD2156B28F00E2BF30 /* CircleView.swift */,
				BC705ECC2156B28F00E2BF30 /* RoundedButton.swift */,
				BC705ECB2156B28E00E2BF30 /* TextField.swift */,
			);
			path = Custom;
			sourceTree = "<group>";
		};
		BC705EC92156B26800E2BF30 /* Model */ = {
			isa = PBXGroup;
			children = (
				BC705EDA2156E75600E2BF30 /* collection.swift */,
				BCFF3E4B215737CA00EB8E10 /* preferencias.swift */,
				BCFF3E4D21574EA200EB8E10 /* promocoes.swift */,
				BCFF3E5721577CF600EB8E10 /* promocoesCliente.swift */,
				BCFF3E5F2157A6EE00EB8E10 /* personal.swift */,
				BC4C5B912157B6E8001E5F3E /* eventos.swift */,
			);
			path = Model;
			sourceTree = "<group>";
		};
		BC705ECA2156B26E00E2BF30 /* Controlller */ = {
			isa = PBXGroup;
			children = (
				BCFF3E5B2157A5E000EB8E10 /* AgendaTVC.swift */,
				BC705ED12156B29A00E2BF30 /* LoginVC.swift */,
				BCACA7A42156AD3C005C715C /* ViewController.swift */,
				BC705EDC2156EDDC00E2BF30 /* collectionCell.swift */,
				BC705EDE2156F37700E2BF30 /* Slide.swift */,
				BC705EE02156F39000E2BF30 /* Slide.xib */,
				BCFF3E4921572B1000EB8E10 /* detalhesEvento.swift */,
				BCFF3E4F2157648A00EB8E10 /* PromocoesVC.swift */,
				BCFF3E51215764CD00EB8E10 /* PromocoesTVC.swift */,
				BCFF3E53215779AE00EB8E10 /* promocaoDetalheTVC.swift */,
				BCFF3E55215779CB00EB8E10 /* promocaoDetalheVC.swift */,
				BCFF3E5921579C6C00EB8E10 /* AgendaVC.swift */,
				BC4C5B8F2157B589001E5F3E /* eventosTVC.swift */,
			);
			path = Controlller;
			sourceTree = "<group>";
		};
		BCACA7962156AD3C005C715C = {
			isa = PBXGroup;
			children = (
				BCACA7A12156AD3C005C715C /* iconcept */,
				BCACA7A02156AD3C005C715C /* Products */,
				4F78C063D834BEAA7FBDB128 /* Pods */,
				C482970F92AE506EC32B03B1 /* Frameworks */,
			);
			sourceTree = "<group>";
		};
		BCACA7A02156AD3C005C715C /* Products */ = {
			isa = PBXGroup;
			children = (
				BCACA79F2156AD3C005C715C /* iconcept.app */,
			);
			name = Products;
			sourceTree = "<group>";
		};
		BCACA7A12156AD3C005C715C /* iconcept */ = {
			isa = PBXGroup;
			children = (
				BC705ECA2156B26E00E2BF30 /* Controlller */,
				BC705EC92156B26800E2BF30 /* Model */,
				BC705EC82156B26000E2BF30 /* Custom */,
				BC705EC72156B24F00E2BF30 /* Util */,
				BC705EC62156B24700E2BF30 /* DataSource */,
				BC705EC42156B16D00E2BF30 /* GoogleService-Info.plist */,
				BCACA7A22156AD3C005C715C /* AppDelegate.swift */,
				BCACA7A62156AD3C005C715C /* Main.storyboard */,
				BCACA7A92156AD3D005C715C /* Assets.xcassets */,
				BCACA7AB2156AD3D005C715C /* LaunchScreen.storyboard */,
				BCACA7AE2156AD3D005C715C /* Info.plist */,
			);
			path = iconcept;
			sourceTree = "<group>";
		};
		C482970F92AE506EC32B03B1 /* Frameworks */ = {
			isa = PBXGroup;
			children = (
				661A35D1DDACDE9480179348 /* Pods_iconcept.framework */,
			);
			name = Frameworks;
			sourceTree = "<group>";
		};
/* End PBXGroup section */

/* Begin PBXNativeTarget section */
		BCACA79E2156AD3C005C715C /* iconcept */ = {
			isa = PBXNativeTarget;
			buildConfigurationList = BCACA7B12156AD3D005C715C /* Build configuration list for PBXNativeTarget "iconcept" */;
			buildPhases = (
				962AEF8ECB4618EE7F3088A4 /* [CP] Check Pods Manifest.lock */,
				BCACA79B2156AD3C005C715C /* Sources */,
				BCACA79C2156AD3C005C715C /* Frameworks */,
				BCACA79D2156AD3C005C715C /* Resources */,
				5473AAAC312CC7D3FAD215DB /* [CP] Embed Pods Frameworks */,
				F532B081D67713EFE685F6C8 /* [CP] Copy Pods Resources */,
			);
			buildRules = (
			);
			dependencies = (
			);
			name = iconcept;
			productName = iconcept;
			productReference = BCACA79F2156AD3C005C715C /* iconcept.app */;
			productType = "com.apple.product-type.application";
		};
/* End PBXNativeTarget section */

/* Begin PBXProject section */
		BCACA7972156AD3C005C715C /* Project object */ = {
			isa = PBXProject;
			attributes = {
				LastSwiftUpdateCheck = 1000;
				LastUpgradeCheck = 1000;
				ORGANIZATIONNAME = "Carlos Doki";
				TargetAttributes = {
					BCACA79E2156AD3C005C715C = {
						CreatedOnToolsVersion = 10.0;
						SystemCapabilities = {
							com.apple.ApplePay = {
								enabled = 1;
							};
							com.apple.BackgroundModes = {
								enabled = 1;
							};
							com.apple.Keychain = {
								enabled = 1;
							};
							com.apple.Push = {
								enabled = 1;
							};
						};
					};
				};
			};
			buildConfigurationList = BCACA79A2156AD3C005C715C /* Build configuration list for PBXProject "iconcept" */;
			compatibilityVersion = "Xcode 9.3";
			developmentRegion = en;
			hasScannedForEncodings = 0;
			knownRegions = (
				en,
				Base,
			);
			mainGroup = BCACA7962156AD3C005C715C;
			productRefGroup = BCACA7A02156AD3C005C715C /* Products */;
			projectDirPath = "";
			projectRoot = "";
			targets = (
				BCACA79E2156AD3C005C715C /* iconcept */,
			);
		};
/* End PBXProject section */

/* Begin PBXResourcesBuildPhase section */
		BCACA79D2156AD3C005C715C /* Resources */ = {
			isa = PBXResourcesBuildPhase;
			buildActionMask = 2147483647;
			files = (
				BC705EE12156F39000E2BF30 /* Slide.xib in Resources */,
				BCACA7AD2156AD3D005C715C /* LaunchScreen.storyboard in Resources */,
				BC705EC52156B16D00E2BF30 /* GoogleService-Info.plist in Resources */,
				BCACA7AA2156AD3D005C715C /* Assets.xcassets in Resources */,
				BCACA7A82156AD3C005C715C /* Main.storyboard in Resources */,
			);
			runOnlyForDeploymentPostprocessing = 0;
		};
/* End PBXResourcesBuildPhase section */

/* Begin PBXShellScriptBuildPhase section */
		5473AAAC312CC7D3FAD215DB /* [CP] Embed Pods Frameworks */ = {
			isa = PBXShellScriptBuildPhase;
			buildActionMask = 2147483647;
			files = (
			);
			inputPaths = (
				"${SRCROOT}/Pods/Target Support Files/Pods-iconcept/Pods-iconcept-frameworks.sh",
				"${BUILT_PRODUCTS_DIR}/Alamofire/Alamofire.framework",
				"${BUILT_PRODUCTS_DIR}/Bolts/Bolts.framework",
				"${BUILT_PRODUCTS_DIR}/FBSDKCoreKit/FBSDKCoreKit.framework",
				"${BUILT_PRODUCTS_DIR}/FBSDKLoginKit/FBSDKLoginKit.framework",
				"${BUILT_PRODUCTS_DIR}/FBSDKShareKit/FBSDKShareKit.framework",
				"${BUILT_PRODUCTS_DIR}/GTMSessionFetcher/GTMSessionFetcher.framework",
				"${BUILT_PRODUCTS_DIR}/GoogleToolboxForMac/GoogleToolboxForMac.framework",
				"${BUILT_PRODUCTS_DIR}/Protobuf/Protobuf.framework",
				"${BUILT_PRODUCTS_DIR}/SwiftKeychainWrapper/SwiftKeychainWrapper.framework",
				"${BUILT_PRODUCTS_DIR}/leveldb-library/leveldb.framework",
				"${BUILT_PRODUCTS_DIR}/nanopb/nanopb.framework",
			);
			name = "[CP] Embed Pods Frameworks";
			outputPaths = (
				"${TARGET_BUILD_DIR}/${FRAMEWORKS_FOLDER_PATH}/Alamofire.framework",
				"${TARGET_BUILD_DIR}/${FRAMEWORKS_FOLDER_PATH}/Bolts.framework",
				"${TARGET_BUILD_DIR}/${FRAMEWORKS_FOLDER_PATH}/FBSDKCoreKit.framework",
				"${TARGET_BUILD_DIR}/${FRAMEWORKS_FOLDER_PATH}/FBSDKLoginKit.framework",
				"${TARGET_BUILD_DIR}/${FRAMEWORKS_FOLDER_PATH}/FBSDKShareKit.framework",
				"${TARGET_BUILD_DIR}/${FRAMEWORKS_FOLDER_PATH}/GTMSessionFetcher.framework",
				"${TARGET_BUILD_DIR}/${FRAMEWORKS_FOLDER_PATH}/GoogleToolboxForMac.framework",
				"${TARGET_BUILD_DIR}/${FRAMEWORKS_FOLDER_PATH}/Protobuf.framework",
				"${TARGET_BUILD_DIR}/${FRAMEWORKS_FOLDER_PATH}/SwiftKeychainWrapper.framework",
				"${TARGET_BUILD_DIR}/${FRAMEWORKS_FOLDER_PATH}/leveldb.framework",
				"${TARGET_BUILD_DIR}/${FRAMEWORKS_FOLDER_PATH}/nanopb.framework",
			);
			runOnlyForDeploymentPostprocessing = 0;
			shellPath = /bin/sh;
			shellScript = "\"${SRCROOT}/Pods/Target Support Files/Pods-iconcept/Pods-iconcept-frameworks.sh\"\n";
			showEnvVarsInLog = 0;
		};
		962AEF8ECB4618EE7F3088A4 /* [CP] Check Pods Manifest.lock */ = {
			isa = PBXShellScriptBuildPhase;
			buildActionMask = 2147483647;
			files = (
			);
			inputPaths = (
				"${PODS_PODFILE_DIR_PATH}/Podfile.lock",
				"${PODS_ROOT}/Manifest.lock",
			);
			name = "[CP] Check Pods Manifest.lock";
			outputPaths = (
				"$(DERIVED_FILE_DIR)/Pods-iconcept-checkManifestLockResult.txt",
			);
			runOnlyForDeploymentPostprocessing = 0;
			shellPath = /bin/sh;
			shellScript = "diff \"${PODS_PODFILE_DIR_PATH}/Podfile.lock\" \"${PODS_ROOT}/Manifest.lock\" > /dev/null\nif [ $? != 0 ] ; then\n    # print error to STDERR\n    echo \"error: The sandbox is not in sync with the Podfile.lock. Run 'pod install' or update your CocoaPods installation.\" >&2\n    exit 1\nfi\n# This output is used by Xcode 'outputs' to avoid re-running this script phase.\necho \"SUCCESS\" > \"${SCRIPT_OUTPUT_FILE_0}\"\n";
			showEnvVarsInLog = 0;
		};
		F532B081D67713EFE685F6C8 /* [CP] Copy Pods Resources */ = {
			isa = PBXShellScriptBuildPhase;
			buildActionMask = 2147483647;
			files = (
			);
			inputPaths = (
				"${SRCROOT}/Pods/Target Support Files/Pods-iconcept/Pods-iconcept-resources.sh",
				"${PODS_CONFIGURATION_BUILD_DIR}/FirebaseUI/FirebaseAuthUI.bundle",
				"${PODS_CONFIGURATION_BUILD_DIR}/FirebaseUI/FirebaseFacebookAuthUI.bundle",
			);
			name = "[CP] Copy Pods Resources";
			outputPaths = (
				"${TARGET_BUILD_DIR}/${UNLOCALIZED_RESOURCES_FOLDER_PATH}/FirebaseAuthUI.bundle",
				"${TARGET_BUILD_DIR}/${UNLOCALIZED_RESOURCES_FOLDER_PATH}/FirebaseFacebookAuthUI.bundle",
			);
			runOnlyForDeploymentPostprocessing = 0;
			shellPath = /bin/sh;
			shellScript = "\"${SRCROOT}/Pods/Target Support Files/Pods-iconcept/Pods-iconcept-resources.sh\"\n";
			showEnvVarsInLog = 0;
		};
/* End PBXShellScriptBuildPhase section */

/* Begin PBXSourcesBuildPhase section */
		BCACA79B2156AD3C005C715C /* Sources */ = {
			isa = PBXSourcesBuildPhase;
			buildActionMask = 2147483647;
			files = (
				BC705ECE2156B28F00E2BF30 /* TextField.swift in Sources */,
				BCFF3E54215779AE00EB8E10 /* promocaoDetalheTVC.swift in Sources */,
				BC705ED62156B4BA00E2BF30 /* DataService.swift in Sources */,
				BCFF3E4E21574EA200EB8E10 /* promocoes.swift in Sources */,
				BCFF3E5821577CF600EB8E10 /* promocoesCliente.swift in Sources */,
				BCFF3E602157A6EE00EB8E10 /* personal.swift in Sources */,
				BC4C5B922157B6E8001E5F3E /* eventos.swift in Sources */,
				BCFF3E5C2157A5E000EB8E10 /* AgendaTVC.swift in Sources */,
				BCFF3E5A21579C6C00EB8E10 /* AgendaVC.swift in Sources */,
				BCFF3E52215764CD00EB8E10 /* PromocoesTVC.swift in Sources */,
				BC705ED02156B28F00E2BF30 /* CircleView.swift in Sources */,
				BC705EDF2156F37700E2BF30 /* Slide.swift in Sources */,
				BC705ED22156B29B00E2BF30 /* LoginVC.swift in Sources */,
				BC4C5B902157B589001E5F3E /* eventosTVC.swift in Sources */,
				BCACA7A52156AD3C005C715C /* ViewController.swift in Sources */,
				BCFF3E4C215737CA00EB8E10 /* preferencias.swift in Sources */,
				BCACA7A32156AD3C005C715C /* AppDelegate.swift in Sources */,
				BC705ECF2156B28F00E2BF30 /* RoundedButton.swift in Sources */,
				BC705EDB2156E75600E2BF30 /* collection.swift in Sources */,
				BC705ED72156B4BA00E2BF30 /* Localtion.swift in Sources */,
				BCFF3E502157648A00EB8E10 /* PromocoesVC.swift in Sources */,
				BC705EDD2156EDDC00E2BF30 /* collectionCell.swift in Sources */,
				BCFF3E56215779CB00EB8E10 /* promocaoDetalheVC.swift in Sources */,
				BC705ED82156B4BA00E2BF30 /* Constants.swift in Sources */,
				BCFF3E4A21572B1000EB8E10 /* detalhesEvento.swift in Sources */,
			);
			runOnlyForDeploymentPostprocessing = 0;
		};
/* End PBXSourcesBuildPhase section */

/* Begin PBXVariantGroup section */
		BCACA7A62156AD3C005C715C /* Main.storyboard */ = {
			isa = PBXVariantGroup;
			children = (
				BCACA7A72156AD3C005C715C /* Base */,
			);
			name = Main.storyboard;
			sourceTree = "<group>";
		};
		BCACA7AB2156AD3D005C715C /* LaunchScreen.storyboard */ = {
			isa = PBXVariantGroup;
			children = (
				BCACA7AC2156AD3D005C715C /* Base */,
			);
			name = LaunchScreen.storyboard;
			sourceTree = "<group>";
		};
/* End PBXVariantGroup section */

/* Begin XCBuildConfiguration section */
		BCACA7AF2156AD3D005C715C /* Debug */ = {
			isa = XCBuildConfiguration;
			buildSettings = {
				ALWAYS_SEARCH_USER_PATHS = NO;
				CLANG_ANALYZER_NONNULL = YES;
				CLANG_ANALYZER_NUMBER_OBJECT_CONVERSION = YES_AGGRESSIVE;
				CLANG_CXX_LANGUAGE_STANDARD = "gnu++14";
				CLANG_CXX_LIBRARY = "libc++";
				CLANG_ENABLE_MODULES = YES;
				CLANG_ENABLE_OBJC_ARC = YES;
				CLANG_ENABLE_OBJC_WEAK = YES;
				CLANG_WARN_BLOCK_CAPTURE_AUTORELEASING = YES;
				CLANG_WARN_BOOL_CONVERSION = YES;
				CLANG_WARN_COMMA = YES;
				CLANG_WARN_CONSTANT_CONVERSION = YES;
				CLANG_WARN_DEPRECATED_OBJC_IMPLEMENTATIONS = YES;
				CLANG_WARN_DIRECT_OBJC_ISA_USAGE = YES_ERROR;
				CLANG_WARN_DOCUMENTATION_COMMENTS = YES;
				CLANG_WARN_EMPTY_BODY = YES;
				CLANG_WARN_ENUM_CONVERSION = YES;
				CLANG_WARN_INFINITE_RECURSION = YES;
				CLANG_WARN_INT_CONVERSION = YES;
				CLANG_WARN_NON_LITERAL_NULL_CONVERSION = YES;
				CLANG_WARN_OBJC_IMPLICIT_RETAIN_SELF = YES;
				CLANG_WARN_OBJC_LITERAL_CONVERSION = YES;
				CLANG_WARN_OBJC_ROOT_CLASS = YES_ERROR;
				CLANG_WARN_RANGE_LOOP_ANALYSIS = YES;
				CLANG_WARN_STRICT_PROTOTYPES = YES;
				CLANG_WARN_SUSPICIOUS_MOVE = YES;
				CLANG_WARN_UNGUARDED_AVAILABILITY = YES_AGGRESSIVE;
				CLANG_WARN_UNREACHABLE_CODE = YES;
				CLANG_WARN__DUPLICATE_METHOD_MATCH = YES;
				CODE_SIGN_IDENTITY = "iPhone Developer";
				COPY_PHASE_STRIP = NO;
				DEBUG_INFORMATION_FORMAT = dwarf;
				ENABLE_STRICT_OBJC_MSGSEND = YES;
				ENABLE_TESTABILITY = YES;
				GCC_C_LANGUAGE_STANDARD = gnu11;
				GCC_DYNAMIC_NO_PIC = NO;
				GCC_NO_COMMON_BLOCKS = YES;
				GCC_OPTIMIZATION_LEVEL = 0;
				GCC_PREPROCESSOR_DEFINITIONS = (
					"DEBUG=1",
					"$(inherited)",
				);
				GCC_WARN_64_TO_32_BIT_CONVERSION = YES;
				GCC_WARN_ABOUT_RETURN_TYPE = YES_ERROR;
				GCC_WARN_UNDECLARED_SELECTOR = YES;
				GCC_WARN_UNINITIALIZED_AUTOS = YES_AGGRESSIVE;
				GCC_WARN_UNUSED_FUNCTION = YES;
				GCC_WARN_UNUSED_VARIABLE = YES;
				IPHONEOS_DEPLOYMENT_TARGET = 12.0;
				MTL_ENABLE_DEBUG_INFO = INCLUDE_SOURCE;
				MTL_FAST_MATH = YES;
				ONLY_ACTIVE_ARCH = YES;
				SDKROOT = iphoneos;
				SWIFT_ACTIVE_COMPILATION_CONDITIONS = DEBUG;
				SWIFT_OPTIMIZATION_LEVEL = "-Onone";
			};
			name = Debug;
		};
		BCACA7B02156AD3D005C715C /* Release */ = {
			isa = XCBuildConfiguration;
			buildSettings = {
				ALWAYS_SEARCH_USER_PATHS = NO;
				CLANG_ANALYZER_NONNULL = YES;
				CLANG_ANALYZER_NUMBER_OBJECT_CONVERSION = YES_AGGRESSIVE;
				CLANG_CXX_LANGUAGE_STANDARD = "gnu++14";
				CLANG_CXX_LIBRARY = "libc++";
				CLANG_ENABLE_MODULES = YES;
				CLANG_ENABLE_OBJC_ARC = YES;
				CLANG_ENABLE_OBJC_WEAK = YES;
				CLANG_WARN_BLOCK_CAPTURE_AUTORELEASING = YES;
				CLANG_WARN_BOOL_CONVERSION = YES;
				CLANG_WARN_COMMA = YES;
				CLANG_WARN_CONSTANT_CONVERSION = YES;
				CLANG_WARN_DEPRECATED_OBJC_IMPLEMENTATIONS = YES;
				CLANG_WARN_DIRECT_OBJC_ISA_USAGE = YES_ERROR;
				CLANG_WARN_DOCUMENTATION_COMMENTS = YES;
				CLANG_WARN_EMPTY_BODY = YES;
				CLANG_WARN_ENUM_CONVERSION = YES;
				CLANG_WARN_INFINITE_RECURSION = YES;
				CLANG_WARN_INT_CONVERSION = YES;
				CLANG_WARN_NON_LITERAL_NULL_CONVERSION = YES;
				CLANG_WARN_OBJC_IMPLICIT_RETAIN_SELF = YES;
				CLANG_WARN_OBJC_LITERAL_CONVERSION = YES;
				CLANG_WARN_OBJC_ROOT_CLASS = YES_ERROR;
				CLANG_WARN_RANGE_LOOP_ANALYSIS = YES;
				CLANG_WARN_STRICT_PROTOTYPES = YES;
				CLANG_WARN_SUSPICIOUS_MOVE = YES;
				CLANG_WARN_UNGUARDED_AVAILABILITY = YES_AGGRESSIVE;
				CLANG_WARN_UNREACHABLE_CODE = YES;
				CLANG_WARN__DUPLICATE_METHOD_MATCH = YES;
				CODE_SIGN_IDENTITY = "iPhone Developer";
				COPY_PHASE_STRIP = NO;
				DEBUG_INFORMATION_FORMAT = "dwarf-with-dsym";
				ENABLE_NS_ASSERTIONS = NO;
				ENABLE_STRICT_OBJC_MSGSEND = YES;
				GCC_C_LANGUAGE_STANDARD = gnu11;
				GCC_NO_COMMON_BLOCKS = YES;
				GCC_WARN_64_TO_32_BIT_CONVERSION = YES;
				GCC_WARN_ABOUT_RETURN_TYPE = YES_ERROR;
				GCC_WARN_UNDECLARED_SELECTOR = YES;
				GCC_WARN_UNINITIALIZED_AUTOS = YES_AGGRESSIVE;
				GCC_WARN_UNUSED_FUNCTION = YES;
				GCC_WARN_UNUSED_VARIABLE = YES;
				IPHONEOS_DEPLOYMENT_TARGET = 12.0;
				MTL_ENABLE_DEBUG_INFO = NO;
				MTL_FAST_MATH = YES;
				SDKROOT = iphoneos;
				SWIFT_COMPILATION_MODE = wholemodule;
				SWIFT_OPTIMIZATION_LEVEL = "-O";
				VALIDATE_PRODUCT = YES;
			};
			name = Release;
		};
		BCACA7B22156AD3D005C715C /* Debug */ = {
			isa = XCBuildConfiguration;
			baseConfigurationReference = 4B39CF325DFE89E67974D9A6 /* Pods-iconcept.debug.xcconfig */;
			buildSettings = {
				ASSETCATALOG_COMPILER_APPICON_NAME = AppIcon;
				CODE_SIGN_ENTITLEMENTS = iconcept/iconcept.entitlements;
				CODE_SIGN_STYLE = Automatic;
				DEVELOPMENT_TEAM = 7984M9FF87;
				INFOPLIST_FILE = iconcept/Info.plist;
				IPHONEOS_DEPLOYMENT_TARGET = 10.3;
				LD_RUNPATH_SEARCH_PATHS = (
					"$(inherited)",
					"@executable_path/Frameworks",
				);
				PRODUCT_BUNDLE_IDENTIFIER = com.carlosdoki.iconcept;
				PRODUCT_NAME = "$(TARGET_NAME)";
				SWIFT_VERSION = 4.2;
				TARGETED_DEVICE_FAMILY = "1,2";
			};
			name = Debug;
		};
		BCACA7B32156AD3D005C715C /* Release */ = {
			isa = XCBuildConfiguration;
			baseConfigurationReference = AFBF88B7C3382257472E1561 /* Pods-iconcept.release.xcconfig */;
			buildSettings = {
				ASSETCATALOG_COMPILER_APPICON_NAME = AppIcon;
				CODE_SIGN_ENTITLEMENTS = iconcept/iconcept.entitlements;
				CODE_SIGN_STYLE = Automatic;
				DEVELOPMENT_TEAM = 7984M9FF87;
				INFOPLIST_FILE = iconcept/Info.plist;
				IPHONEOS_DEPLOYMENT_TARGET = 10.3;
				LD_RUNPATH_SEARCH_PATHS = (
					"$(inherited)",
					"@executable_path/Frameworks",
				);
				PRODUCT_BUNDLE_IDENTIFIER = com.carlosdoki.iconcept;
				PRODUCT_NAME = "$(TARGET_NAME)";
				SWIFT_VERSION = 4.2;
				TARGETED_DEVICE_FAMILY = "1,2";
			};
			name = Release;
		};
/* End XCBuildConfiguration section */

/* Begin XCConfigurationList section */
		BCACA79A2156AD3C005C715C /* Build configuration list for PBXProject "iconcept" */ = {
			isa = XCConfigurationList;
			buildConfigurations = (
				BCACA7AF2156AD3D005C715C /* Debug */,
				BCACA7B02156AD3D005C715C /* Release */,
			);
			defaultConfigurationIsVisible = 0;
			defaultConfigurationName = Release;
		};
		BCACA7B12156AD3D005C715C /* Build configuration list for PBXNativeTarget "iconcept" */ = {
			isa = XCConfigurationList;
			buildConfigurations = (
				BCACA7B22156AD3D005C715C /* Debug */,
				BCACA7B32156AD3D005C715C /* Release */,
			);
			defaultConfigurationIsVisible = 0;
			defaultConfigurationName = Release;
		};
/* End XCConfigurationList section */
	};
	rootObject = BCACA7972156AD3C005C715C /* Project object */;
}
